PODS:
  - Flutter (1.0.0)
  - piano_analytics_plugin (0.0.1):
    - Flutter
    - PianoAnalytics/iOS (>= 3.1)
  - PianoAnalytics/iOS (3.1.2):
    - PianoConsents (~> 1.0.7)
  - PianoConsents (1.0.7)

DEPENDENCIES:
  - Flutter (from `Flutter`)
  - piano_analytics_plugin (from `.symlinks/plugins/piano_analytics_plugin/ios`)

SPEC REPOS:
  trunk:
    - PianoAnalytics
    - PianoConsents

EXTERNAL SOURCES:
  Flutter:
    :path: Flutter
  piano_analytics_plugin:
    :path: ".symlinks/plugins/piano_analytics_plugin/ios"

SPEC CHECKSUMS:
  Flutter: e0871f40cf51350855a761d2e70bf5af5b9b5de7
  piano_analytics_plugin: 81b546fad1bdc2266fb18d3701fb296bb1bbb797
  PianoAnalytics: 2a8c51d7f59e85c891a0ecf1256852a6cfd94504
  PianoConsents: aed720bf57e25553dc599c0c0b1ed3a1d13df9a0

PODFILE CHECKSUM: 1959d098c91d8a792531a723c4a9d7e9f6a01e38

COCOAPODS: 1.15.2
